// !$*UTF8*$!
{
	archiveVersion = 1;
	classes = {
	};
	objectVersion = 46;
	objects = {

/* Begin PBXBuildFile section */
		B003C3E11EFE929100C73996 /* UpdateEmailVC.swift in Sources */ = {isa = PBXBuildFile; fileRef = B003C3E01EFE929100C73996 /* UpdateEmailVC.swift */; };
		B003C3E31EFED44F00C73996 /* UpdatePasswordVC.swift in Sources */ = {isa = PBXBuildFile; fileRef = B003C3E21EFED44F00C73996 /* UpdatePasswordVC.swift */; };
		B006E7B81EF0A44100C7638B /* Constants.swift in Sources */ = {isa = PBXBuildFile; fileRef = B006E7B71EF0A44100C7638B /* Constants.swift */; };
		B00A97971ED32D8800C32A88 /* ShadowView.swift in Sources */ = {isa = PBXBuildFile; fileRef = B00A97961ED32D8800C32A88 /* ShadowView.swift */; };
		B00A97991ED336C900C32A88 /* ShadowButton.swift in Sources */ = {isa = PBXBuildFile; fileRef = B00A97981ED336C900C32A88 /* ShadowButton.swift */; };
		B01C11EB1EEEE1160037A1A9 /* ProfileVC.swift in Sources */ = {isa = PBXBuildFile; fileRef = B01C11EA1EEEE1160037A1A9 /* ProfileVC.swift */; };
		B02C6FB21EE8931B00A2465E /* SegueFromLeft.swift in Sources */ = {isa = PBXBuildFile; fileRef = B02C6FB11EE8931B00A2465E /* SegueFromLeft.swift */; };
		B02C6FB41EE894D700A2465E /* SegueFromRight.swift in Sources */ = {isa = PBXBuildFile; fileRef = B02C6FB31EE894D700A2465E /* SegueFromRight.swift */; };
		B04B37DE1EDD9C7300BF675B /* DataService.swift in Sources */ = {isa = PBXBuildFile; fileRef = B04B37DD1EDD9C7300BF675B /* DataService.swift */; };
		B05749371ED12C970076310B /* GoogleService-Info.plist in Resources */ = {isa = PBXBuildFile; fileRef = B05749361ED12C970076310B /* GoogleService-Info.plist */; };
		B05900B51EE2443E009238EE /* KeychainPasswordItem.swift in Sources */ = {isa = PBXBuildFile; fileRef = B05900B41EE2443E009238EE /* KeychainPasswordItem.swift */; };
		B05900B71EE24529009238EE /* TouchIDAuthentication.swift in Sources */ = {isa = PBXBuildFile; fileRef = B05900B61EE24529009238EE /* TouchIDAuthentication.swift */; };
		B05A53C71F0D5AA10018CE45 /* OrdersVC.swift in Sources */ = {isa = PBXBuildFile; fileRef = B05A53C61F0D5AA10018CE45 /* OrdersVC.swift */; };
		B05A53CB1F0D5F9C0018CE45 /* OrdersCell.swift in Sources */ = {isa = PBXBuildFile; fileRef = B05A53CA1F0D5F9C0018CE45 /* OrdersCell.swift */; };
		B0616FFD1EF381ED001DB41D /* AdminVC.swift in Sources */ = {isa = PBXBuildFile; fileRef = B0616FFC1EF381ED001DB41D /* AdminVC.swift */; };
		B06971DA1F069D220006D7D0 /* KeyboardManager.swift in Sources */ = {isa = PBXBuildFile; fileRef = B06971D91F069D220006D7D0 /* KeyboardManager.swift */; };
		B075A0331ED535DC003FF1BE /* dingSmallBell.mp3 in Resources */ = {isa = PBXBuildFile; fileRef = B075A0321ED535DC003FF1BE /* dingSmallBell.mp3 */; };
		B075A0371ED53A7D003FF1BE /* AVFoundation.framework in Frameworks */ = {isa = PBXBuildFile; fileRef = B075A0361ED53A7D003FF1BE /* AVFoundation.framework */; };
		B08956A01ED8765600736208 /* ShadowField.swift in Sources */ = {isa = PBXBuildFile; fileRef = B089569F1ED8765600736208 /* ShadowField.swift */; };
		B08956A21ED91FEF00736208 /* PresentAlert.swift in Sources */ = {isa = PBXBuildFile; fileRef = B08956A11ED91FEF00736208 /* PresentAlert.swift */; };
		B0AECE561ED0D48F00097AE1 /* AppDelegate.swift in Sources */ = {isa = PBXBuildFile; fileRef = B0AECE551ED0D48F00097AE1 /* AppDelegate.swift */; };
		B0AECE581ED0D48F00097AE1 /* BellCleanersVC.swift in Sources */ = {isa = PBXBuildFile; fileRef = B0AECE571ED0D48F00097AE1 /* BellCleanersVC.swift */; };
		B0AECE5B1ED0D48F00097AE1 /* Main.storyboard in Resources */ = {isa = PBXBuildFile; fileRef = B0AECE591ED0D48F00097AE1 /* Main.storyboard */; };
		B0AECE5D1ED0D48F00097AE1 /* Assets.xcassets in Resources */ = {isa = PBXBuildFile; fileRef = B0AECE5C1ED0D48F00097AE1 /* Assets.xcassets */; };
		B0AECE601ED0D48F00097AE1 /* LaunchScreen.storyboard in Resources */ = {isa = PBXBuildFile; fileRef = B0AECE5E1ED0D48F00097AE1 /* LaunchScreen.storyboard */; };
		B0B610A41ED5C3CE001E3C6C /* MapVC.swift in Sources */ = {isa = PBXBuildFile; fileRef = B0B610A31ED5C3CE001E3C6C /* MapVC.swift */; };
		B0B610A61ED6608D001E3C6C /* CallBellButton.swift in Sources */ = {isa = PBXBuildFile; fileRef = B0B610A51ED6608D001E3C6C /* CallBellButton.swift */; };
		B0B610AE1ED6928E001E3C6C /* BellLogoButton.swift in Sources */ = {isa = PBXBuildFile; fileRef = B0B610AD1ED6928E001E3C6C /* BellLogoButton.swift */; };
		B0B610B01ED7BD49001E3C6C /* AccessAccountVC.swift in Sources */ = {isa = PBXBuildFile; fileRef = B0B610AF1ED7BD49001E3C6C /* AccessAccountVC.swift */; };
		B0C02F1F1EDB7CEF002C4F52 /* MyAccountVC.swift in Sources */ = {isa = PBXBuildFile; fileRef = B0C02F1E1EDB7CEF002C4F52 /* MyAccountVC.swift */; };
		B0C02F231EDB9EE8002C4F52 /* AuthService.swift in Sources */ = {isa = PBXBuildFile; fileRef = B0C02F221EDB9EE8002C4F52 /* AuthService.swift */; };
		E2DB245DFC34F3F085473315 /* Pods_Bell_Cleaners.framework in Frameworks */ = {isa = PBXBuildFile; fileRef = E2969D99ED238CA6EBC78709 /* Pods_Bell_Cleaners.framework */; };
/* End PBXBuildFile section */

/* Begin PBXFileReference section */
		313228CE79C036D91D2725D8 /* Pods-Bell Cleaners.debug.xcconfig */ = {isa = PBXFileReference; includeInIndex = 1; lastKnownFileType = text.xcconfig; name = "Pods-Bell Cleaners.debug.xcconfig"; path = "Pods/Target Support Files/Pods-Bell Cleaners/Pods-Bell Cleaners.debug.xcconfig"; sourceTree = "<group>"; };
		933F98BE6AB5CBD0D743EA74 /* Pods-Bell Cleaners.release.xcconfig */ = {isa = PBXFileReference; includeInIndex = 1; lastKnownFileType = text.xcconfig; name = "Pods-Bell Cleaners.release.xcconfig"; path = "Pods/Target Support Files/Pods-Bell Cleaners/Pods-Bell Cleaners.release.xcconfig"; sourceTree = "<group>"; };
		B003C3E01EFE929100C73996 /* UpdateEmailVC.swift */ = {isa = PBXFileReference; lastKnownFileType = sourcecode.swift; path = UpdateEmailVC.swift; sourceTree = "<group>"; };
		B003C3E21EFED44F00C73996 /* UpdatePasswordVC.swift */ = {isa = PBXFileReference; lastKnownFileType = sourcecode.swift; path = UpdatePasswordVC.swift; sourceTree = "<group>"; };
		B006E7B71EF0A44100C7638B /* Constants.swift */ = {isa = PBXFileReference; fileEncoding = 4; lastKnownFileType = sourcecode.swift; path = Constants.swift; sourceTree = "<group>"; };
		B00A97961ED32D8800C32A88 /* ShadowView.swift */ = {isa = PBXFileReference; fileEncoding = 4; lastKnownFileType = sourcecode.swift; path = ShadowView.swift; sourceTree = "<group>"; };
		B00A97981ED336C900C32A88 /* ShadowButton.swift */ = {isa = PBXFileReference; fileEncoding = 4; lastKnownFileType = sourcecode.swift; path = ShadowButton.swift; sourceTree = "<group>"; };
		B01C11EA1EEEE1160037A1A9 /* ProfileVC.swift */ = {isa = PBXFileReference; fileEncoding = 4; lastKnownFileType = sourcecode.swift; path = ProfileVC.swift; sourceTree = "<group>"; };
		B02C6FB11EE8931B00A2465E /* SegueFromLeft.swift */ = {isa = PBXFileReference; fileEncoding = 4; lastKnownFileType = sourcecode.swift; path = SegueFromLeft.swift; sourceTree = "<group>"; };
		B02C6FB31EE894D700A2465E /* SegueFromRight.swift */ = {isa = PBXFileReference; fileEncoding = 4; lastKnownFileType = sourcecode.swift; path = SegueFromRight.swift; sourceTree = "<group>"; };
		B04B37DD1EDD9C7300BF675B /* DataService.swift */ = {isa = PBXFileReference; fileEncoding = 4; lastKnownFileType = sourcecode.swift; path = DataService.swift; sourceTree = "<group>"; };
		B05749361ED12C970076310B /* GoogleService-Info.plist */ = {isa = PBXFileReference; fileEncoding = 4; lastKnownFileType = text.plist.xml; path = "GoogleService-Info.plist"; sourceTree = "<group>"; };
		B05900B41EE2443E009238EE /* KeychainPasswordItem.swift */ = {isa = PBXFileReference; fileEncoding = 4; lastKnownFileType = sourcecode.swift; path = KeychainPasswordItem.swift; sourceTree = "<group>"; };
		B05900B61EE24529009238EE /* TouchIDAuthentication.swift */ = {isa = PBXFileReference; fileEncoding = 4; lastKnownFileType = sourcecode.swift; path = TouchIDAuthentication.swift; sourceTree = "<group>"; };
		B05A53C61F0D5AA10018CE45 /* OrdersVC.swift */ = {isa = PBXFileReference; lastKnownFileType = sourcecode.swift; path = OrdersVC.swift; sourceTree = "<group>"; };
		B05A53CA1F0D5F9C0018CE45 /* OrdersCell.swift */ = {isa = PBXFileReference; lastKnownFileType = sourcecode.swift; path = OrdersCell.swift; sourceTree = "<group>"; };
		B0616FFC1EF381ED001DB41D /* AdminVC.swift */ = {isa = PBXFileReference; lastKnownFileType = sourcecode.swift; path = AdminVC.swift; sourceTree = "<group>"; };
		B06971D91F069D220006D7D0 /* KeyboardManager.swift */ = {isa = PBXFileReference; lastKnownFileType = sourcecode.swift; path = KeyboardManager.swift; sourceTree = "<group>"; };
		B075A0321ED535DC003FF1BE /* dingSmallBell.mp3 */ = {isa = PBXFileReference; lastKnownFileType = audio.mp3; path = dingSmallBell.mp3; sourceTree = "<group>"; };
		B075A0361ED53A7D003FF1BE /* AVFoundation.framework */ = {isa = PBXFileReference; lastKnownFileType = wrapper.framework; name = AVFoundation.framework; path = System/Library/Frameworks/AVFoundation.framework; sourceTree = SDKROOT; };
		B089569F1ED8765600736208 /* ShadowField.swift */ = {isa = PBXFileReference; fileEncoding = 4; lastKnownFileType = sourcecode.swift; path = ShadowField.swift; sourceTree = "<group>"; };
		B08956A11ED91FEF00736208 /* PresentAlert.swift */ = {isa = PBXFileReference; fileEncoding = 4; lastKnownFileType = sourcecode.swift; path = PresentAlert.swift; sourceTree = "<group>"; };
		B0AECE521ED0D48F00097AE1 /* Bell Cleaners.app */ = {isa = PBXFileReference; explicitFileType = wrapper.application; includeInIndex = 0; path = "Bell Cleaners.app"; sourceTree = BUILT_PRODUCTS_DIR; };
		B0AECE551ED0D48F00097AE1 /* AppDelegate.swift */ = {isa = PBXFileReference; lastKnownFileType = sourcecode.swift; path = AppDelegate.swift; sourceTree = "<group>"; };
		B0AECE571ED0D48F00097AE1 /* BellCleanersVC.swift */ = {isa = PBXFileReference; lastKnownFileType = sourcecode.swift; path = BellCleanersVC.swift; sourceTree = "<group>"; };
		B0AECE5A1ED0D48F00097AE1 /* Base */ = {isa = PBXFileReference; lastKnownFileType = file.storyboard; name = Base; path = Base.lproj/Main.storyboard; sourceTree = "<group>"; };
		B0AECE5C1ED0D48F00097AE1 /* Assets.xcassets */ = {isa = PBXFileReference; lastKnownFileType = folder.assetcatalog; path = Assets.xcassets; sourceTree = "<group>"; };
		B0AECE5F1ED0D48F00097AE1 /* Base */ = {isa = PBXFileReference; lastKnownFileType = file.storyboard; name = Base; path = Base.lproj/LaunchScreen.storyboard; sourceTree = "<group>"; };
		B0AECE611ED0D48F00097AE1 /* Info.plist */ = {isa = PBXFileReference; lastKnownFileType = text.plist.xml; path = Info.plist; sourceTree = "<group>"; };
		B0AECE6D1ED0E08F00097AE1 /* Bell Cleaners.entitlements */ = {isa = PBXFileReference; lastKnownFileType = text.plist.entitlements; path = "Bell Cleaners.entitlements"; sourceTree = "<group>"; };
		B0B610A31ED5C3CE001E3C6C /* MapVC.swift */ = {isa = PBXFileReference; fileEncoding = 4; lastKnownFileType = sourcecode.swift; path = MapVC.swift; sourceTree = "<group>"; };
		B0B610A51ED6608D001E3C6C /* CallBellButton.swift */ = {isa = PBXFileReference; fileEncoding = 4; lastKnownFileType = sourcecode.swift; path = CallBellButton.swift; sourceTree = "<group>"; };
		B0B610AD1ED6928E001E3C6C /* BellLogoButton.swift */ = {isa = PBXFileReference; fileEncoding = 4; lastKnownFileType = sourcecode.swift; path = BellLogoButton.swift; sourceTree = "<group>"; };
		B0B610AF1ED7BD49001E3C6C /* AccessAccountVC.swift */ = {isa = PBXFileReference; fileEncoding = 4; lastKnownFileType = sourcecode.swift; path = AccessAccountVC.swift; sourceTree = "<group>"; };
		B0C02F1E1EDB7CEF002C4F52 /* MyAccountVC.swift */ = {isa = PBXFileReference; fileEncoding = 4; lastKnownFileType = sourcecode.swift; path = MyAccountVC.swift; sourceTree = "<group>"; };
		B0C02F221EDB9EE8002C4F52 /* AuthService.swift */ = {isa = PBXFileReference; fileEncoding = 4; lastKnownFileType = sourcecode.swift; path = AuthService.swift; sourceTree = "<group>"; };
		E2969D99ED238CA6EBC78709 /* Pods_Bell_Cleaners.framework */ = {isa = PBXFileReference; explicitFileType = wrapper.framework; includeInIndex = 0; path = Pods_Bell_Cleaners.framework; sourceTree = BUILT_PRODUCTS_DIR; };
/* End PBXFileReference section */

/* Begin PBXFrameworksBuildPhase section */
		B0AECE4F1ED0D48F00097AE1 /* Frameworks */ = {
			isa = PBXFrameworksBuildPhase;
			buildActionMask = 2147483647;
			files = (
				B075A0371ED53A7D003FF1BE /* AVFoundation.framework in Frameworks */,
				E2DB245DFC34F3F085473315 /* Pods_Bell_Cleaners.framework in Frameworks */,
			);
			runOnlyForDeploymentPostprocessing = 0;
		};
/* End PBXFrameworksBuildPhase section */

/* Begin PBXGroup section */
		3E13D63DF47A87CB93EAB1DC /* Pods */ = {
			isa = PBXGroup;
			children = (
				313228CE79C036D91D2725D8 /* Pods-Bell Cleaners.debug.xcconfig */,
				933F98BE6AB5CBD0D743EA74 /* Pods-Bell Cleaners.release.xcconfig */,
			);
			name = Pods;
			sourceTree = "<group>";
		};
		B0AECE491ED0D48F00097AE1 = {
			isa = PBXGroup;
			children = (
				B0AECE541ED0D48F00097AE1 /* Bell Cleaners */,
				B0AECE531ED0D48F00097AE1 /* Products */,
				3E13D63DF47A87CB93EAB1DC /* Pods */,
				C05E197BCAA5DADDDE86E4C3 /* Frameworks */,
			);
			sourceTree = "<group>";
		};
		B0AECE531ED0D48F00097AE1 /* Products */ = {
			isa = PBXGroup;
			children = (
				B0AECE521ED0D48F00097AE1 /* Bell Cleaners.app */,
			);
			name = Products;
			sourceTree = "<group>";
		};
		B0AECE541ED0D48F00097AE1 /* Bell Cleaners */ = {
			isa = PBXGroup;
			children = (
				B0AECE591ED0D48F00097AE1 /* Main.storyboard */,
				B0AECE6B1ED0D8E000097AE1 /* Model */,
				B0AECE6A1ED0D8D200097AE1 /* View */,
				B0AECE691ED0D8C500097AE1 /* Controller */,
				B0C02F201EDB9E7B002C4F52 /* Constants */,
				B0C02F211EDB9EB3002C4F52 /* Services */,
				B0AECE6C1ED0D96600097AE1 /* Supporting Files */,
			);
			path = "Bell Cleaners";
			sourceTree = "<group>";
		};
		B0AECE691ED0D8C500097AE1 /* Controller */ = {
			isa = PBXGroup;
			children = (
				B0AECE571ED0D48F00097AE1 /* BellCleanersVC.swift */,
				B0B610A31ED5C3CE001E3C6C /* MapVC.swift */,
				B0B610AF1ED7BD49001E3C6C /* AccessAccountVC.swift */,
				B01C11EA1EEEE1160037A1A9 /* ProfileVC.swift */,
				B003C3E01EFE929100C73996 /* UpdateEmailVC.swift */,
				B003C3E21EFED44F00C73996 /* UpdatePasswordVC.swift */,
				B0C02F1E1EDB7CEF002C4F52 /* MyAccountVC.swift */,
				B05A53C61F0D5AA10018CE45 /* OrdersVC.swift */,
				B0616FFC1EF381ED001DB41D /* AdminVC.swift */,
			);
			name = Controller;
			sourceTree = "<group>";
		};
		B0AECE6A1ED0D8D200097AE1 /* View */ = {
			isa = PBXGroup;
			children = (
				B00A97981ED336C900C32A88 /* ShadowButton.swift */,
				B00A97961ED32D8800C32A88 /* ShadowView.swift */,
				B0B610AD1ED6928E001E3C6C /* BellLogoButton.swift */,
				B0B610A51ED6608D001E3C6C /* CallBellButton.swift */,
				B089569F1ED8765600736208 /* ShadowField.swift */,
				B08956A11ED91FEF00736208 /* PresentAlert.swift */,
				B02C6FB31EE894D700A2465E /* SegueFromRight.swift */,
				B02C6FB11EE8931B00A2465E /* SegueFromLeft.swift */,
				B06971D91F069D220006D7D0 /* KeyboardManager.swift */,
				B05A53CA1F0D5F9C0018CE45 /* OrdersCell.swift */,
			);
			name = View;
			sourceTree = "<group>";
		};
		B0AECE6B1ED0D8E000097AE1 /* Model */ = {
			isa = PBXGroup;
			children = (
				B05900B41EE2443E009238EE /* KeychainPasswordItem.swift */,
				B05900B61EE24529009238EE /* TouchIDAuthentication.swift */,
			);
			name = Model;
			sourceTree = "<group>";
		};
		B0AECE6C1ED0D96600097AE1 /* Supporting Files */ = {
			isa = PBXGroup;
			children = (
				B0AECE551ED0D48F00097AE1 /* AppDelegate.swift */,
				B0AECE5C1ED0D48F00097AE1 /* Assets.xcassets */,
				B0AECE5E1ED0D48F00097AE1 /* LaunchScreen.storyboard */,
				B0AECE611ED0D48F00097AE1 /* Info.plist */,
				B05749361ED12C970076310B /* GoogleService-Info.plist */,
				B0AECE6D1ED0E08F00097AE1 /* Bell Cleaners.entitlements */,
				B075A0321ED535DC003FF1BE /* dingSmallBell.mp3 */,
			);
			name = "Supporting Files";
			sourceTree = "<group>";
		};
		B0C02F201EDB9E7B002C4F52 /* Constants */ = {
			isa = PBXGroup;
			children = (
				B006E7B71EF0A44100C7638B /* Constants.swift */,
			);
			name = Constants;
			sourceTree = "<group>";
		};
		B0C02F211EDB9EB3002C4F52 /* Services */ = {
			isa = PBXGroup;
			children = (
				B0C02F221EDB9EE8002C4F52 /* AuthService.swift */,
				B04B37DD1EDD9C7300BF675B /* DataService.swift */,
			);
			name = Services;
			sourceTree = "<group>";
		};
		C05E197BCAA5DADDDE86E4C3 /* Frameworks */ = {
			isa = PBXGroup;
			children = (
				B075A0361ED53A7D003FF1BE /* AVFoundation.framework */,
				E2969D99ED238CA6EBC78709 /* Pods_Bell_Cleaners.framework */,
			);
			name = Frameworks;
			sourceTree = "<group>";
		};
/* End PBXGroup section */

/* Begin PBXNativeTarget section */
		B0AECE511ED0D48F00097AE1 /* Bell Cleaners */ = {
			isa = PBXNativeTarget;
			buildConfigurationList = B0AECE641ED0D48F00097AE1 /* Build configuration list for PBXNativeTarget "Bell Cleaners" */;
			buildPhases = (
				6541D3E83B813DB14C867027 /* [CP] Check Pods Manifest.lock */,
				B0AECE4E1ED0D48F00097AE1 /* Sources */,
				B0AECE4F1ED0D48F00097AE1 /* Frameworks */,
				B0AECE501ED0D48F00097AE1 /* Resources */,
				CAE15A52889CA878ECAA646B /* [CP] Embed Pods Frameworks */,
				DEE7A5B2CA5B94E3084E3DBF /* [CP] Copy Pods Resources */,
				B05900AF1EE06629009238EE /* ShellScript */,
			);
			buildRules = (
			);
			dependencies = (
			);
			name = "Bell Cleaners";
			productName = "Bell Cleaners";
			productReference = B0AECE521ED0D48F00097AE1 /* Bell Cleaners.app */;
			productType = "com.apple.product-type.application";
		};
/* End PBXNativeTarget section */

/* Begin PBXProject section */
		B0AECE4A1ED0D48F00097AE1 /* Project object */ = {
			isa = PBXProject;
			attributes = {
				LastSwiftUpdateCheck = 0820;
				LastUpgradeCheck = 0820;
				ORGANIZATIONNAME = shinparkdev;
				TargetAttributes = {
					B0AECE511ED0D48F00097AE1 = {
						CreatedOnToolsVersion = 8.2.1;
						DevelopmentTeam = 775A96F2SV;
						LastSwiftMigration = 0900;
						ProvisioningStyle = Automatic;
						SystemCapabilities = {
							com.apple.Keychain = {
								enabled = 1;
							};
							com.apple.Push = {
								enabled = 1;
							};
						};
					};
				};
			};
			buildConfigurationList = B0AECE4D1ED0D48F00097AE1 /* Build configuration list for PBXProject "Bell Cleaners" */;
			compatibilityVersion = "Xcode 3.2";
			developmentRegion = English;
			hasScannedForEncodings = 0;
			knownRegions = (
				en,
				Base,
			);
			mainGroup = B0AECE491ED0D48F00097AE1;
			productRefGroup = B0AECE531ED0D48F00097AE1 /* Products */;
			projectDirPath = "";
			projectRoot = "";
			targets = (
				B0AECE511ED0D48F00097AE1 /* Bell Cleaners */,
			);
		};
/* End PBXProject section */

/* Begin PBXResourcesBuildPhase section */
		B0AECE501ED0D48F00097AE1 /* Resources */ = {
			isa = PBXResourcesBuildPhase;
			buildActionMask = 2147483647;
			files = (
				B0AECE601ED0D48F00097AE1 /* LaunchScreen.storyboard in Resources */,
				B05749371ED12C970076310B /* GoogleService-Info.plist in Resources */,
				B075A0331ED535DC003FF1BE /* dingSmallBell.mp3 in Resources */,
				B0AECE5D1ED0D48F00097AE1 /* Assets.xcassets in Resources */,
				B0AECE5B1ED0D48F00097AE1 /* Main.storyboard in Resources */,
			);
			runOnlyForDeploymentPostprocessing = 0;
		};
/* End PBXResourcesBuildPhase section */

/* Begin PBXShellScriptBuildPhase section */
		6541D3E83B813DB14C867027 /* [CP] Check Pods Manifest.lock */ = {
			isa = PBXShellScriptBuildPhase;
			buildActionMask = 2147483647;
			files = (
			);
			inputPaths = (
			);
			name = "[CP] Check Pods Manifest.lock";
			outputPaths = (
			);
			runOnlyForDeploymentPostprocessing = 0;
			shellPath = /bin/sh;
			shellScript = "diff \"${PODS_ROOT}/../Podfile.lock\" \"${PODS_ROOT}/Manifest.lock\" > /dev/null\nif [ $? != 0 ] ; then\n    # print error to STDERR\n    echo \"error: The sandbox is not in sync with the Podfile.lock. Run 'pod install' or update your CocoaPods installation.\" >&2\n    exit 1\nfi\n";
			showEnvVarsInLog = 0;
		};
		B05900AF1EE06629009238EE /* ShellScript */ = {
			isa = PBXShellScriptBuildPhase;
			buildActionMask = 2147483647;
			files = (
			);
			inputPaths = (
			);
			outputPaths = (
			);
			runOnlyForDeploymentPostprocessing = 0;
			shellPath = /bin/sh;
			shellScript = "\"${PODS_ROOT}/Fabric/run\" a47b936c74b32e271b9ee27e999e3e6911db2e7b ab0286c394065643947b44c664ed979d4f4bf167a028bb9856af66257d4716b8";
		};
		CAE15A52889CA878ECAA646B /* [CP] Embed Pods Frameworks */ = {
			isa = PBXShellScriptBuildPhase;
			buildActionMask = 2147483647;
			files = (
			);
			inputPaths = (
			);
			name = "[CP] Embed Pods Frameworks";
			outputPaths = (
			);
			runOnlyForDeploymentPostprocessing = 0;
			shellPath = /bin/sh;
			shellScript = "\"${SRCROOT}/Pods/Target Support Files/Pods-Bell Cleaners/Pods-Bell Cleaners-frameworks.sh\"\n";
			showEnvVarsInLog = 0;
		};
		DEE7A5B2CA5B94E3084E3DBF /* [CP] Copy Pods Resources */ = {
			isa = PBXShellScriptBuildPhase;
			buildActionMask = 2147483647;
			files = (
			);
			inputPaths = (
			);
			name = "[CP] Copy Pods Resources";
			outputPaths = (
			);
			runOnlyForDeploymentPostprocessing = 0;
			shellPath = /bin/sh;
			shellScript = "\"${SRCROOT}/Pods/Target Support Files/Pods-Bell Cleaners/Pods-Bell Cleaners-resources.sh\"\n";
			showEnvVarsInLog = 0;
		};
/* End PBXShellScriptBuildPhase section */

/* Begin PBXSourcesBuildPhase section */
		B0AECE4E1ED0D48F00097AE1 /* Sources */ = {
			isa = PBXSourcesBuildPhase;
			buildActionMask = 2147483647;
			files = (
				B00A97971ED32D8800C32A88 /* ShadowView.swift in Sources */,
				B05A53C71F0D5AA10018CE45 /* OrdersVC.swift in Sources */,
				B01C11EB1EEEE1160037A1A9 /* ProfileVC.swift in Sources */,
				B0B610A61ED6608D001E3C6C /* CallBellButton.swift in Sources */,
				B0B610A41ED5C3CE001E3C6C /* MapVC.swift in Sources */,
				B003C3E31EFED44F00C73996 /* UpdatePasswordVC.swift in Sources */,
				B0C02F1F1EDB7CEF002C4F52 /* MyAccountVC.swift in Sources */,
				B006E7B81EF0A44100C7638B /* Constants.swift in Sources */,
				B0B610AE1ED6928E001E3C6C /* BellLogoButton.swift in Sources */,
				B00A97991ED336C900C32A88 /* ShadowButton.swift in Sources */,
				B0AECE581ED0D48F00097AE1 /* BellCleanersVC.swift in Sources */,
				B05A53CB1F0D5F9C0018CE45 /* OrdersCell.swift in Sources */,
				B003C3E11EFE929100C73996 /* UpdateEmailVC.swift in Sources */,
				B04B37DE1EDD9C7300BF675B /* DataService.swift in Sources */,
				B0616FFD1EF381ED001DB41D /* AdminVC.swift in Sources */,
				B08956A21ED91FEF00736208 /* PresentAlert.swift in Sources */,
				B0B610B01ED7BD49001E3C6C /* AccessAccountVC.swift in Sources */,
				B08956A01ED8765600736208 /* ShadowField.swift in Sources */,
				B05900B51EE2443E009238EE /* KeychainPasswordItem.swift in Sources */,
				B0AECE561ED0D48F00097AE1 /* AppDelegate.swift in Sources */,
				B02C6FB21EE8931B00A2465E /* SegueFromLeft.swift in Sources */,
				B0C02F231EDB9EE8002C4F52 /* AuthService.swift in Sources */,
				B02C6FB41EE894D700A2465E /* SegueFromRight.swift in Sources */,
				B05900B71EE24529009238EE /* TouchIDAuthentication.swift in Sources */,
				B06971DA1F069D220006D7D0 /* KeyboardManager.swift in Sources */,
			);
			runOnlyForDeploymentPostprocessing = 0;
		};
/* End PBXSourcesBuildPhase section */

/* Begin PBXVariantGroup section */
		B0AECE591ED0D48F00097AE1 /* Main.storyboard */ = {
			isa = PBXVariantGroup;
			children = (
				B0AECE5A1ED0D48F00097AE1 /* Base */,
			);
			name = Main.storyboard;
			sourceTree = "<group>";
		};
		B0AECE5E1ED0D48F00097AE1 /* LaunchScreen.storyboard */ = {
			isa = PBXVariantGroup;
			children = (
				B0AECE5F1ED0D48F00097AE1 /* Base */,
			);
			name = LaunchScreen.storyboard;
			sourceTree = "<group>";
		};
/* End PBXVariantGroup section */

/* Begin XCBuildConfiguration section */
		B0AECE621ED0D48F00097AE1 /* Debug */ = {
			isa = XCBuildConfiguration;
			buildSettings = {
				ALWAYS_SEARCH_USER_PATHS = NO;
				CLANG_ANALYZER_NONNULL = YES;
				CLANG_CXX_LANGUAGE_STANDARD = "gnu++0x";
				CLANG_CXX_LIBRARY = "libc++";
				CLANG_ENABLE_MODULES = YES;
				CLANG_ENABLE_OBJC_ARC = YES;
				CLANG_WARN_BOOL_CONVERSION = YES;
				CLANG_WARN_CONSTANT_CONVERSION = YES;
				CLANG_WARN_DIRECT_OBJC_ISA_USAGE = YES_ERROR;
				CLANG_WARN_DOCUMENTATION_COMMENTS = YES;
				CLANG_WARN_EMPTY_BODY = YES;
				CLANG_WARN_ENUM_CONVERSION = YES;
				CLANG_WARN_INFINITE_RECURSION = YES;
				CLANG_WARN_INT_CONVERSION = YES;
				CLANG_WARN_OBJC_ROOT_CLASS = YES_ERROR;
				CLANG_WARN_SUSPICIOUS_MOVE = YES;
				CLANG_WARN_UNREACHABLE_CODE = YES;
				CLANG_WARN__DUPLICATE_METHOD_MATCH = YES;
				"CODE_SIGN_IDENTITY[sdk=iphoneos*]" = "iPhone Developer";
				COPY_PHASE_STRIP = NO;
				DEBUG_INFORMATION_FORMAT = dwarf;
				ENABLE_STRICT_OBJC_MSGSEND = YES;
				ENABLE_TESTABILITY = YES;
				GCC_C_LANGUAGE_STANDARD = gnu99;
				GCC_DYNAMIC_NO_PIC = NO;
				GCC_NO_COMMON_BLOCKS = YES;
				GCC_OPTIMIZATION_LEVEL = 0;
				GCC_PREPROCESSOR_DEFINITIONS = (
					"DEBUG=1",
					"$(inherited)",
				);
				GCC_WARN_64_TO_32_BIT_CONVERSION = YES;
				GCC_WARN_ABOUT_RETURN_TYPE = YES_ERROR;
				GCC_WARN_UNDECLARED_SELECTOR = YES;
				GCC_WARN_UNINITIALIZED_AUTOS = YES_AGGRESSIVE;
				GCC_WARN_UNUSED_FUNCTION = YES;
				GCC_WARN_UNUSED_VARIABLE = YES;
				IPHONEOS_DEPLOYMENT_TARGET = 10.2;
				MTL_ENABLE_DEBUG_INFO = YES;
				ONLY_ACTIVE_ARCH = YES;
				SDKROOT = iphoneos;
				SWIFT_ACTIVE_COMPILATION_CONDITIONS = DEBUG;
				SWIFT_OPTIMIZATION_LEVEL = "-Onone";
				TARGETED_DEVICE_FAMILY = "1,2";
			};
			name = Debug;
		};
		B0AECE631ED0D48F00097AE1 /* Release */ = {
			isa = XCBuildConfiguration;
			buildSettings = {
				ALWAYS_SEARCH_USER_PATHS = NO;
				CLANG_ANALYZER_NONNULL = YES;
				CLANG_CXX_LANGUAGE_STANDARD = "gnu++0x";
				CLANG_CXX_LIBRARY = "libc++";
				CLANG_ENABLE_MODULES = YES;
				CLANG_ENABLE_OBJC_ARC = YES;
				CLANG_WARN_BOOL_CONVERSION = YES;
				CLANG_WARN_CONSTANT_CONVERSION = YES;
				CLANG_WARN_DIRECT_OBJC_ISA_USAGE = YES_ERROR;
				CLANG_WARN_DOCUMENTATION_COMMENTS = YES;
				CLANG_WARN_EMPTY_BODY = YES;
				CLANG_WARN_ENUM_CONVERSION = YES;
				CLANG_WARN_INFINITE_RECURSION = YES;
				CLANG_WARN_INT_CONVERSION = YES;
				CLANG_WARN_OBJC_ROOT_CLASS = YES_ERROR;
				CLANG_WARN_SUSPICIOUS_MOVE = YES;
				CLANG_WARN_UNREACHABLE_CODE = YES;
				CLANG_WARN__DUPLICATE_METHOD_MATCH = YES;
				"CODE_SIGN_IDENTITY[sdk=iphoneos*]" = "iPhone Developer";
				COPY_PHASE_STRIP = NO;
				DEBUG_INFORMATION_FORMAT = "dwarf-with-dsym";
				ENABLE_NS_ASSERTIONS = NO;
				ENABLE_STRICT_OBJC_MSGSEND = YES;
				GCC_C_LANGUAGE_STANDARD = gnu99;
				GCC_NO_COMMON_BLOCKS = YES;
				GCC_WARN_64_TO_32_BIT_CONVERSION = YES;
				GCC_WARN_ABOUT_RETURN_TYPE = YES_ERROR;
				GCC_WARN_UNDECLARED_SELECTOR = YES;
				GCC_WARN_UNINITIALIZED_AUTOS = YES_AGGRESSIVE;
				GCC_WARN_UNUSED_FUNCTION = YES;
				GCC_WARN_UNUSED_VARIABLE = YES;
				IPHONEOS_DEPLOYMENT_TARGET = 10.2;
				MTL_ENABLE_DEBUG_INFO = NO;
				SDKROOT = iphoneos;
				SWIFT_OPTIMIZATION_LEVEL = "-Owholemodule";
				TARGETED_DEVICE_FAMILY = "1,2";
				VALIDATE_PRODUCT = YES;
			};
			name = Release;
		};
		B0AECE651ED0D48F00097AE1 /* Debug */ = {
			isa = XCBuildConfiguration;
			baseConfigurationReference = 313228CE79C036D91D2725D8 /* Pods-Bell Cleaners.debug.xcconfig */;
			buildSettings = {
				ASSETCATALOG_COMPILER_APPICON_NAME = AppIcon;
				CODE_SIGN_ENTITLEMENTS = "Bell Cleaners/Bell Cleaners.entitlements";
				DEBUG_INFORMATION_FORMAT = "dwarf-with-dsym";
				DEVELOPMENT_TEAM = 775A96F2SV;
				INFOPLIST_FILE = "Bell Cleaners/Info.plist";
				LD_RUNPATH_SEARCH_PATHS = "$(inherited) @executable_path/Frameworks";
				PRODUCT_BUNDLE_IDENTIFIER = "com.shinparkdev.Bell-Cleaners";
				PRODUCT_NAME = "$(TARGET_NAME)";
				SWIFT_SWIFT3_OBJC_INFERENCE = Default;
				SWIFT_VERSION = 4.0;
			};
			name = Debug;
		};
		B0AECE661ED0D48F00097AE1 /* Release */ = {
			isa = XCBuildConfiguration;
			baseConfigurationReference = 933F98BE6AB5CBD0D743EA74 /* Pods-Bell Cleaners.release.xcconfig */;
			buildSettings = {
				ASSETCATALOG_COMPILER_APPICON_NAME = AppIcon;
				CODE_SIGN_ENTITLEMENTS = "Bell Cleaners/Bell Cleaners.entitlements";
				DEBUG_INFORMATION_FORMAT = "dwarf-with-dsym";
				DEVELOPMENT_TEAM = 775A96F2SV;
				INFOPLIST_FILE = "Bell Cleaners/Info.plist";
				LD_RUNPATH_SEARCH_PATHS = "$(inherited) @executable_path/Frameworks";
				PRODUCT_BUNDLE_IDENTIFIER = "com.shinparkdev.Bell-Cleaners";
				PRODUCT_NAME = "$(TARGET_NAME)";
				SWIFT_SWIFT3_OBJC_INFERENCE = Default;
				SWIFT_VERSION = 4.0;
			};
			name = Release;
		};
/* End XCBuildConfiguration section */

/* Begin XCConfigurationList section */
		B0AECE4D1ED0D48F00097AE1 /* Build configuration list for PBXProject "Bell Cleaners" */ = {
			isa = XCConfigurationList;
			buildConfigurations = (
				B0AECE621ED0D48F00097AE1 /* Debug */,
				B0AECE631ED0D48F00097AE1 /* Release */,
			);
			defaultConfigurationIsVisible = 0;
			defaultConfigurationName = Release;
		};
		B0AECE641ED0D48F00097AE1 /* Build configuration list for PBXNativeTarget "Bell Cleaners" */ = {
			isa = XCConfigurationList;
			buildConfigurations = (
				B0AECE651ED0D48F00097AE1 /* Debug */,
				B0AECE661ED0D48F00097AE1 /* Release */,
			);
			defaultConfigurationIsVisible = 0;
			defaultConfigurationName = Release;
		};
/* End XCConfigurationList section */
	};
	rootObject = B0AECE4A1ED0D48F00097AE1 /* Project object */;
}
